
Microsoft Visual Studio Solution File, Format Version 12.00
# Visual Studio Version 17
VisualStudioVersion = 17.3.32901.215
MinimumVisualStudioVersion = 10.0.40219.1
Project("{FAE04EC0-301F-11D3-BF4B-00C04F79EFBC}") = "Exercise3_090", "Exercise3_090\Exercise3_090.csproj", "{B8C413D8-2033-490B-977A-5FF52A5B9A1C}"
EndProject
Global
	GlobalSection(SolutionConfigurationPlatforms) = preSolution
		Debug|Any CPU = Debug|Any CPU
		Release|Any CPU = Release|Any CPU
	EndGlobalSection
	GlobalSection(ProjectConfigurationPlatforms) = postSolution
		{B8C413D8-2033-490B-977A-5FF52A5B9A1C}.Debug|Any CPU.ActiveCfg = Debug|Any CPU
		{B8C413D8-2033-490B-977A-5FF52A5B9A1C}.Debug|Any CPU.Build.0 = Debug|Any CPU
		{B8C413D8-2033-490B-977A-5FF52A5B9A1C}.Release|Any CPU.ActiveCfg = Release|Any CPU
		{B8C413D8-2033-490B-977A-5FF52A5B9A1C}.Release|Any CPU.Build.0 = Release|Any CPU
	EndGlobalSection
	GlobalSection(SolutionProperties) = preSolution
		HideSolutionNode = FALSE
	EndGlobalSection
	GlobalSection(ExtensibilityGlobals) = postSolution
		SolutionGuid = {30FB5D3B-EE80-49E2-AE14-C27162B65351}
	EndGlobalSection
EndGlobal
